// !$*UTF8*$!
{
	archiveVersion = 1;
	classes = {
	};
	objectVersion = 46;
	objects = {

/* Begin PBXBuildFile section */
		44F1F9EE1B83D8F70006A5D3 /* AWSMASend.h in CopyFiles */ = {isa = PBXBuildFile; fileRef = 44F1F9ED1B83D8F70006A5D3 /* AWSMASend.h */; };
		44F1F9F01B83D8F70006A5D3 /* AWSMASend.m in Sources */ = {isa = PBXBuildFile; fileRef = 44F1F9EF1B83D8F70006A5D3 /* AWSMASend.m */; };
		44F1F9F61B83D8F70006A5D3 /* libAWSMASend.a in Frameworks */ = {isa = PBXBuildFile; fileRef = 44F1F9EA1B83D8F70006A5D3 /* libAWSMASend.a */; };
/* End PBXBuildFile section */

/* Begin PBXContainerItemProxy section */
		44F1F9F71B83D8F70006A5D3 /* PBXContainerItemProxy */ = {
			isa = PBXContainerItemProxy;
			containerPortal = 44F1F9E21B83D8F70006A5D3 /* Project object */;
			proxyType = 1;
			remoteGlobalIDString = 44F1F9E91B83D8F70006A5D3;
			remoteInfo = AWSMASend;
		};
/* End PBXContainerItemProxy section */

/* Begin PBXCopyFilesBuildPhase section */
		44F1F9E81B83D8F70006A5D3 /* CopyFiles */ = {
			isa = PBXCopyFilesBuildPhase;
			buildActionMask = 2147483647;
			dstPath = "include/$(PRODUCT_NAME)";
			dstSubfolderSpec = 16;
			files = (
				44F1F9EE1B83D8F70006A5D3 /* AWSMASend.h in CopyFiles */,
			);
			runOnlyForDeploymentPostprocessing = 0;
		};
/* End PBXCopyFilesBuildPhase section */

/* Begin PBXFileReference section */
		44F1F9EA1B83D8F70006A5D3 /* libAWSMASend.a */ = {isa = PBXFileReference; explicitFileType = archive.ar; includeInIndex = 0; path = libAWSMASend.a; sourceTree = BUILT_PRODUCTS_DIR; };
		44F1F9ED1B83D8F70006A5D3 /* AWSMASend.h */ = {isa = PBXFileReference; lastKnownFileType = sourcecode.c.h; path = AWSMASend.h; sourceTree = "<group>"; };
		44F1F9EF1B83D8F70006A5D3 /* AWSMASend.m */ = {isa = PBXFileReference; lastKnownFileType = sourcecode.c.objc; path = AWSMASend.m; sourceTree = "<group>"; };
		44F1F9F51B83D8F70006A5D3 /* AWSMASendTests.xctest */ = {isa = PBXFileReference; explicitFileType = wrapper.cfbundle; includeInIndex = 0; path = AWSMASendTests.xctest; sourceTree = BUILT_PRODUCTS_DIR; };
		44F1F9FB1B83D8F70006A5D3 /* Info.plist */ = {isa = PBXFileReference; lastKnownFileType = text.plist.xml; path = Info.plist; sourceTree = "<group>"; };
/* End PBXFileReference section */

/* Begin PBXFrameworksBuildPhase section */
		44F1F9E71B83D8F70006A5D3 /* Frameworks */ = {
			isa = PBXFrameworksBuildPhase;
			buildActionMask = 2147483647;
			files = (
			);
			runOnlyForDeploymentPostprocessing = 0;
		};
		44F1F9F21B83D8F70006A5D3 /* Frameworks */ = {
			isa = PBXFrameworksBuildPhase;
			buildActionMask = 2147483647;
			files = (
				44F1F9F61B83D8F70006A5D3 /* libAWSMASend.a in Frameworks */,
			);
			runOnlyForDeploymentPostprocessing = 0;
		};
/* End PBXFrameworksBuildPhase section */

/* Begin PBXGroup section */
		44F1F9E11B83D8F70006A5D3 = {
			isa = PBXGroup;
			children = (
				44F1F9EC1B83D8F70006A5D3 /* AWSMASend */,
				44F1F9F91B83D8F70006A5D3 /* AWSMASendTests */,
				44F1F9EB1B83D8F70006A5D3 /* Products */,
			);
			sourceTree = "<group>";
		};
		44F1F9EB1B83D8F70006A5D3 /* Products */ = {
			isa = PBXGroup;
			children = (
				44F1F9EA1B83D8F70006A5D3 /* libAWSMASend.a */,
				44F1F9F51B83D8F70006A5D3 /* AWSMASendTests.xctest */,
			);
			name = Products;
			sourceTree = "<group>";
		};
		44F1F9EC1B83D8F70006A5D3 /* AWSMASend */ = {
			isa = PBXGroup;
			children = (
				44F1F9ED1B83D8F70006A5D3 /* AWSMASend.h */,
				44F1F9EF1B83D8F70006A5D3 /* AWSMASend.m */,
			);
			path = AWSMASend;
			sourceTree = "<group>";
		};
		44F1F9F91B83D8F70006A5D3 /* AWSMASendTests */ = {
			isa = PBXGroup;
			children = (
				44F1F9FA1B83D8F70006A5D3 /* Supporting Files */,
			);
			path = AWSMASendTests;
			sourceTree = "<group>";
		};
		44F1F9FA1B83D8F70006A5D3 /* Supporting Files */ = {
			isa = PBXGroup;
			children = (
				44F1F9FB1B83D8F70006A5D3 /* Info.plist */,
			);
			name = "Supporting Files";
			sourceTree = "<group>";
		};
/* End PBXGroup section */

/* Begin PBXNativeTarget section */
		44F1F9E91B83D8F70006A5D3 /* AWSMASend */ = {
			isa = PBXNativeTarget;
			buildConfigurationList = 44F1F9FE1B83D8F70006A5D3 /* Build configuration list for PBXNativeTarget "AWSMASend" */;
			buildPhases = (
				44F1F9E61B83D8F70006A5D3 /* Sources */,
				44F1F9E71B83D8F70006A5D3 /* Frameworks */,
				44F1F9E81B83D8F70006A5D3 /* CopyFiles */,
			);
			buildRules = (
			);
			dependencies = (
			);
			name = AWSMASend;
			productName = AWSMASend;
			productReference = 44F1F9EA1B83D8F70006A5D3 /* libAWSMASend.a */;
			productType = "com.apple.product-type.library.static";
		};
		44F1F9F41B83D8F70006A5D3 /* AWSMASendTests */ = {
			isa = PBXNativeTarget;
			buildConfigurationList = 44F1FA011B83D8F70006A5D3 /* Build configuration list for PBXNativeTarget "AWSMASendTests" */;
			buildPhases = (
				44F1F9F11B83D8F70006A5D3 /* Sources */,
				44F1F9F21B83D8F70006A5D3 /* Frameworks */,
				44F1F9F31B83D8F70006A5D3 /* Resources */,
			);
			buildRules = (
			);
			dependencies = (
				44F1F9F81B83D8F70006A5D3 /* PBXTargetDependency */,
			);
			name = AWSMASendTests;
			productName = AWSMASendTests;
			productReference = 44F1F9F51B83D8F70006A5D3 /* AWSMASendTests.xctest */;
			productType = "com.apple.product-type.bundle.unit-test";
		};
/* End PBXNativeTarget section */

/* Begin PBXProject section */
		44F1F9E21B83D8F70006A5D3 /* Project object */ = {
			isa = PBXProject;
			attributes = {
				LastUpgradeCheck = 0640;
				ORGANIZATIONNAME = SkySlope;
				TargetAttributes = {
					44F1F9E91B83D8F70006A5D3 = {
						CreatedOnToolsVersion = 6.4;
					};
					44F1F9F41B83D8F70006A5D3 = {
						CreatedOnToolsVersion = 6.4;
					};
				};
			};
			buildConfigurationList = 44F1F9E51B83D8F70006A5D3 /* Build configuration list for PBXProject "AWSMASend" */;
			compatibilityVersion = "Xcode 3.2";
			developmentRegion = English;
			hasScannedForEncodings = 0;
			knownRegions = (
				en,
			);
			mainGroup = 44F1F9E11B83D8F70006A5D3;
			productRefGroup = 44F1F9EB1B83D8F70006A5D3 /* Products */;
			projectDirPath = "";
			projectRoot = "";
			targets = (
				44F1F9E91B83D8F70006A5D3 /* AWSMASend */,
				44F1F9F41B83D8F70006A5D3 /* AWSMASendTests */,
			);
		};
/* End PBXProject section */

/* Begin PBXResourcesBuildPhase section */
		44F1F9F31B83D8F70006A5D3 /* Resources */ = {
			isa = PBXResourcesBuildPhase;
			buildActionMask = 2147483647;
			files = (
			);
			runOnlyForDeploymentPostprocessing = 0;
		};
/* End PBXResourcesBuildPhase section */

/* Begin PBXSourcesBuildPhase section */
		44F1F9E61B83D8F70006A5D3 /* Sources */ = {
			isa = PBXSourcesBuildPhase;
			buildActionMask = 2147483647;
			files = (
				44F1F9F01B83D8F70006A5D3 /* AWSMASend.m in Sources */,
			);
			runOnlyForDeploymentPostprocessing = 0;
		};
		44F1F9F11B83D8F70006A5D3 /* Sources */ = {
			isa = PBXSourcesBuildPhase;
			buildActionMask = 2147483647;
			files = (
			);
			runOnlyForDeploymentPostprocessing = 0;
		};
/* End PBXSourcesBuildPhase section */

/* Begin PBXTargetDependency section */
		44F1F9F81B83D8F70006A5D3 /* PBXTargetDependency */ = {
			isa = PBXTargetDependency;
			target = 44F1F9E91B83D8F70006A5D3 /* AWSMASend */;
			targetProxy = 44F1F9F71B83D8F70006A5D3 /* PBXContainerItemProxy */;
		};
/* End PBXTargetDependency section */

/* Begin XCBuildConfiguration section */
		44F1F9FC1B83D8F70006A5D3 /* Debug */ = {
			isa = XCBuildConfiguration;
			buildSettings = {
				ALWAYS_SEARCH_USER_PATHS = NO;
				CLANG_CXX_LANGUAGE_STANDARD = "gnu++0x";
				CLANG_CXX_LIBRARY = "libc++";
				CLANG_ENABLE_MODULES = YES;
				CLANG_ENABLE_OBJC_ARC = YES;
				CLANG_WARN_BOOL_CONVERSION = YES;
				CLANG_WARN_CONSTANT_CONVERSION = YES;
				CLANG_WARN_DIRECT_OBJC_ISA_USAGE = YES_ERROR;
				CLANG_WARN_EMPTY_BODY = YES;
				CLANG_WARN_ENUM_CONVERSION = YES;
				CLANG_WARN_INT_CONVERSION = YES;
				CLANG_WARN_OBJC_ROOT_CLASS = YES_ERROR;
				CLANG_WARN_UNREACHABLE_CODE = YES;
				CLANG_WARN__DUPLICATE_METHOD_MATCH = YES;
				COPY_PHASE_STRIP = NO;
				DEBUG_INFORMATION_FORMAT = "dwarf-with-dsym";
				ENABLE_STRICT_OBJC_MSGSEND = YES;
				GCC_C_LANGUAGE_STANDARD = gnu99;
				GCC_DYNAMIC_NO_PIC = NO;
				GCC_NO_COMMON_BLOCKS = YES;
				GCC_OPTIMIZATION_LEVEL = 0;
				GCC_PREPROCESSOR_DEFINITIONS = (
					"DEBUG=1",
					"$(inherited)",
				);
				GCC_SYMBOLS_PRIVATE_EXTERN = NO;
				GCC_WARN_64_TO_32_BIT_CONVERSION = YES;
				GCC_WARN_ABOUT_RETURN_TYPE = YES_ERROR;
				GCC_WARN_UNDECLARED_SELECTOR = YES;
				GCC_WARN_UNINITIALIZED_AUTOS = YES_AGGRESSIVE;
				GCC_WARN_UNUSED_FUNCTION = YES;
				GCC_WARN_UNUSED_VARIABLE = YES;
				IPHONEOS_DEPLOYMENT_TARGET = 8.4;
				MTL_ENABLE_DEBUG_INFO = YES;
				ONLY_ACTIVE_ARCH = YES;
				SDKROOT = iphoneos;
			};
			name = Debug;
		};
		44F1F9FD1B83D8F70006A5D3 /* Release */ = {
			isa = XCBuildConfiguration;
			buildSettings = {
				ALWAYS_SEARCH_USER_PATHS = NO;
				CLANG_CXX_LANGUAGE_STANDARD = "gnu++0x";
				CLANG_CXX_LIBRARY = "libc++";
				CLANG_ENABLE_MODULES = YES;
				CLANG_ENABLE_OBJC_ARC = YES;
				CLANG_WARN_BOOL_CONVERSION = YES;
				CLANG_WARN_CONSTANT_CONVERSION = YES;
				CLANG_WARN_DIRECT_OBJC_ISA_USAGE = YES_ERROR;
				CLANG_WARN_EMPTY_BODY = YES;
				CLANG_WARN_ENUM_CONVERSION = YES;
				CLANG_WARN_INT_CONVERSION = YES;
				CLANG_WARN_OBJC_ROOT_CLASS = YES_ERROR;
				CLANG_WARN_UNREACHABLE_CODE = YES;
				CLANG_WARN__DUPLICATE_METHOD_MATCH = YES;
				COPY_PHASE_STRIP = NO;
				DEBUG_INFORMATION_FORMAT = "dwarf-with-dsym";
				ENABLE_NS_ASSERTIONS = NO;
				ENABLE_STRICT_OBJC_MSGSEND = YES;
				GCC_C_LANGUAGE_STANDARD = gnu99;
				GCC_NO_COMMON_BLOCKS = YES;
				GCC_WARN_64_TO_32_BIT_CONVERSION = YES;
				GCC_WARN_ABOUT_RETURN_TYPE = YES_ERROR;
				GCC_WARN_UNDECLARED_SELECTOR = YES;
				GCC_WARN_UNINITIALIZED_AUTOS = YES_AGGRESSIVE;
				GCC_WARN_UNUSED_FUNCTION = YES;
				GCC_WARN_UNUSED_VARIABLE = YES;
				IPHONEOS_DEPLOYMENT_TARGET = 8.4;
				MTL_ENABLE_DEBUG_INFO = NO;
				SDKROOT = iphoneos;
				VALIDATE_PRODUCT = YES;
			};
			name = Release;
		};
		44F1F9FF1B83D8F70006A5D3 /* Debug */ = {
			isa = XCBuildConfiguration;
			buildSettings = {
				OTHER_LDFLAGS = "-ObjC";
				PRODUCT_NAME = "$(TARGET_NAME)";
				SKIP_INSTALL = YES;
			};
			name = Debug;
		};
		44F1FA001B83D8F70006A5D3 /* Release */ = {
			isa = XCBuildConfiguration;
			buildSettings = {
				OTHER_LDFLAGS = "-ObjC";
				PRODUCT_NAME = "$(TARGET_NAME)";
				SKIP_INSTALL = YES;
			};
			name = Release;
		};
		44F1FA021B83D8F70006A5D3 /* Debug */ = {
			isa = XCBuildConfiguration;
			buildSettings = {
				"CODE_SIGN_IDENTITY[sdk=iphoneos*]" = "iPhone Developer";
				FRAMEWORK_SEARCH_PATHS = (
					"$(SDKROOT)/Developer/Library/Frameworks",
					"$(inherited)",
				);
				GCC_PREPROCESSOR_DEFINITIONS = (
					"DEBUG=1",
					"$(inherited)",
				);
				INFOPLIST_FILE = AWSMASendTests/Info.plist;
				LD_RUNPATH_SEARCH_PATHS = "$(inherited) @executable_path/Frameworks @loader_path/Frameworks";
				PRODUCT_NAME = "$(TARGET_NAME)";
			};
			name = Debug;
		};
		44F1FA031B83D8F70006A5D3 /* Release */ = {
			isa = XCBuildConfiguration;
			buildSettings = {
				"CODE_SIGN_IDENTITY[sdk=iphoneos*]" = "iPhone Developer";
				FRAMEWORK_SEARCH_PATHS = (
					"$(SDKROOT)/Developer/Library/Frameworks",
					"$(inherited)",
				);
				INFOPLIST_FILE = AWSMASendTests/Info.plist;
				LD_RUNPATH_SEARCH_PATHS = "$(inherited) @executable_path/Frameworks @loader_path/Frameworks";
				PRODUCT_NAME = "$(TARGET_NAME)";
			};
			name = Release;
		};
/* End XCBuildConfiguration section */

/* Begin XCConfigurationList section */
		44F1F9E51B83D8F70006A5D3 /* Build configuration list for PBXProject "AWSMASend" */ = {
			isa = XCConfigurationList;
			buildConfigurations = (
				44F1F9FC1B83D8F70006A5D3 /* Debug */,
				44F1F9FD1B83D8F70006A5D3 /* Release */,
			);
			defaultConfigurationIsVisible = 0;
			defaultConfigurationName = Release;
		};
		44F1F9FE1B83D8F70006A5D3 /* Build configuration list for PBXNativeTarget "AWSMASend" */ = {
			isa = XCConfigurationList;
			buildConfigurations = (
				44F1F9FF1B83D8F70006A5D3 /* Debug */,
				44F1FA001B83D8F70006A5D3 /* Release */,
			);
			defaultConfigurationIsVisible = 0;
		};
		44F1FA011B83D8F70006A5D3 /* Build configuration list for PBXNativeTarget "AWSMASendTests" */ = {
			isa = XCConfigurationList;
			buildConfigurations = (
				44F1FA021B83D8F70006A5D3 /* Debug */,
				44F1FA031B83D8F70006A5D3 /* Release */,
			);
			defaultConfigurationIsVisible = 0;
		};
/* End XCConfigurationList section */
	};
	rootObject = 44F1F9E21B83D8F70006A5D3 /* Project object */;
}
